
Microsoft Visual Studio Solution File, Format Version 12.00
# Visual Studio Version 17
VisualStudioVersion = 17.1.32210.238
MinimumVisualStudioVersion = 10.0.40219.1
Project("{FAE04EC0-301F-11D3-BF4B-00C04F79EFBC}") = "c_sharp_phonepad", "c_sharp_phonepad\c_sharp_phonepad.csproj", "{ABCCE261-6771-4138-83F6-AB55544209D0}"
EndProject
Global
	GlobalSection(SolutionConfigurationPlatforms) = preSolution
		Debug|Any CPU = Debug|Any CPU
		Release|Any CPU = Release|Any CPU
	EndGlobalSection
	GlobalSection(ProjectConfigurationPlatforms) = postSolution
		{ABCCE261-6771-4138-83F6-AB55544209D0}.Debug|Any CPU.ActiveCfg = Debug|Any CPU
		{ABCCE261-6771-4138-83F6-AB55544209D0}.Debug|Any CPU.Build.0 = Debug|Any CPU
		{ABCCE261-6771-4138-83F6-AB55544209D0}.Release|Any CPU.ActiveCfg = Release|Any CPU
		{ABCCE261-6771-4138-83F6-AB55544209D0}.Release|Any CPU.Build.0 = Release|Any CPU
	EndGlobalSection
	GlobalSection(SolutionProperties) = preSolution
		HideSolutionNode = FALSE
	EndGlobalSection
	GlobalSection(ExtensibilityGlobals) = postSolution
		SolutionGuid = {65C87AC7-F3FC-4128-8615-CC5227A56308}
	EndGlobalSection
EndGlobal
